
Microsoft Visual Studio Solution File, Format Version 12.00
# Visual Studio Version 17
VisualStudioVersion = 17.5.33516.290
MinimumVisualStudioVersion = 10.0.40219.1
Project("{FAE04EC0-301F-11D3-BF4B-00C04F79EFBC}") = "RssParser", "RssParser.csproj", "{9E944185-85EF-4A86-8620-BBD6D490ADEA}"
EndProject
Global
	GlobalSection(SolutionConfigurationPlatforms) = preSolution
		Debug|Any CPU = Debug|Any CPU
		Release|Any CPU = Release|Any CPU
	EndGlobalSection
	GlobalSection(ProjectConfigurationPlatforms) = postSolution
		{9E944185-85EF-4A86-8620-BBD6D490ADEA}.Debug|Any CPU.ActiveCfg = Debug|Any CPU
		{9E944185-85EF-4A86-8620-BBD6D490ADEA}.Debug|Any CPU.Build.0 = Debug|Any CPU
		{9E944185-85EF-4A86-8620-BBD6D490ADEA}.Release|Any CPU.ActiveCfg = Release|Any CPU
		{9E944185-85EF-4A86-8620-BBD6D490ADEA}.Release|Any CPU.Build.0 = Release|Any CPU
	EndGlobalSection
	GlobalSection(SolutionProperties) = preSolution
		HideSolutionNode = FALSE
	EndGlobalSection
	GlobalSection(ExtensibilityGlobals) = postSolution
		SolutionGuid = {2386B24A-5D1A-4013-8C49-A89C283FE062}
	EndGlobalSection
EndGlobal
